
Microsoft Visual Studio Solution File, Format Version 12.00
# Visual Studio 2012
Project("{FAE04EC0-301F-11D3-BF4B-00C04F79EFBC}") = "JuanLibrary", "JuanLibrary.csproj", "{45E33D48-0D67-458D-9CBF-0CBA508AE6F3}"
EndProject
Project("{FAE04EC0-301F-11D3-BF4B-00C04F79EFBC}") = "SQLRepository", "SQLRepository\SQLRepository.csproj", "{7FE40795-BCB2-440A-9BB1-307991DCC58D}"
EndProject
Project("{FAE04EC0-301F-11D3-BF4B-00C04F79EFBC}") = "XMLRepository", "XMLRepository\XMLRepository.csproj", "{35230C96-9888-4293-BE2F-E471185493A8}"
EndProject
Project("{FAE04EC0-301F-11D3-BF4B-00C04F79EFBC}") = "CSVRepository", "CSVRepository\CSVRepository.csproj", "{9CEA3564-453A-40E4-BF85-4126B882C339}"
EndProject
Project("{FAE04EC0-301F-11D3-BF4B-00C04F79EFBC}") = "AzureRepository", "AzureRepository\AzureRepository.csproj", "{A6D9A701-79C7-40F0-B3BC-A8DCF4CA36F6}"
EndProject
Project("{FAE04EC0-301F-11D3-BF4B-00C04F79EFBC}") = "JuansLibrary.Tester", "JuansLibrary.Tester\JuansLibrary.Tester.csproj", "{96151642-B11A-4484-973F-B3BC850C012F}"
EndProject
Global
	GlobalSection(SolutionConfigurationPlatforms) = preSolution
		Debug|Any CPU = Debug|Any CPU
		Release|Any CPU = Release|Any CPU
	EndGlobalSection
	GlobalSection(ProjectConfigurationPlatforms) = postSolution
		{45E33D48-0D67-458D-9CBF-0CBA508AE6F3}.Debug|Any CPU.ActiveCfg = Debug|Any CPU
		{45E33D48-0D67-458D-9CBF-0CBA508AE6F3}.Debug|Any CPU.Build.0 = Debug|Any CPU
		{45E33D48-0D67-458D-9CBF-0CBA508AE6F3}.Release|Any CPU.ActiveCfg = Release|Any CPU
		{45E33D48-0D67-458D-9CBF-0CBA508AE6F3}.Release|Any CPU.Build.0 = Release|Any CPU
		{7FE40795-BCB2-440A-9BB1-307991DCC58D}.Debug|Any CPU.ActiveCfg = Debug|Any CPU
		{7FE40795-BCB2-440A-9BB1-307991DCC58D}.Debug|Any CPU.Build.0 = Debug|Any CPU
		{7FE40795-BCB2-440A-9BB1-307991DCC58D}.Release|Any CPU.ActiveCfg = Release|Any CPU
		{7FE40795-BCB2-440A-9BB1-307991DCC58D}.Release|Any CPU.Build.0 = Release|Any CPU
		{35230C96-9888-4293-BE2F-E471185493A8}.Debug|Any CPU.ActiveCfg = Debug|Any CPU
		{35230C96-9888-4293-BE2F-E471185493A8}.Debug|Any CPU.Build.0 = Debug|Any CPU
		{35230C96-9888-4293-BE2F-E471185493A8}.Release|Any CPU.ActiveCfg = Release|Any CPU
		{35230C96-9888-4293-BE2F-E471185493A8}.Release|Any CPU.Build.0 = Release|Any CPU
		{9CEA3564-453A-40E4-BF85-4126B882C339}.Debug|Any CPU.ActiveCfg = Debug|Any CPU
		{9CEA3564-453A-40E4-BF85-4126B882C339}.Debug|Any CPU.Build.0 = Debug|Any CPU
		{9CEA3564-453A-40E4-BF85-4126B882C339}.Release|Any CPU.ActiveCfg = Release|Any CPU
		{9CEA3564-453A-40E4-BF85-4126B882C339}.Release|Any CPU.Build.0 = Release|Any CPU
		{A6D9A701-79C7-40F0-B3BC-A8DCF4CA36F6}.Debug|Any CPU.ActiveCfg = Debug|Any CPU
		{A6D9A701-79C7-40F0-B3BC-A8DCF4CA36F6}.Debug|Any CPU.Build.0 = Debug|Any CPU
		{A6D9A701-79C7-40F0-B3BC-A8DCF4CA36F6}.Release|Any CPU.ActiveCfg = Release|Any CPU
		{A6D9A701-79C7-40F0-B3BC-A8DCF4CA36F6}.Release|Any CPU.Build.0 = Release|Any CPU
		{96151642-B11A-4484-973F-B3BC850C012F}.Debug|Any CPU.ActiveCfg = Debug|Any CPU
		{96151642-B11A-4484-973F-B3BC850C012F}.Debug|Any CPU.Build.0 = Debug|Any CPU
		{96151642-B11A-4484-973F-B3BC850C012F}.Release|Any CPU.ActiveCfg = Release|Any CPU
		{96151642-B11A-4484-973F-B3BC850C012F}.Release|Any CPU.Build.0 = Release|Any CPU
	EndGlobalSection
	GlobalSection(SolutionProperties) = preSolution
		HideSolutionNode = FALSE
	EndGlobalSection
EndGlobal
